
Microsoft Visual Studio Solution File, Format Version 12.00
# Visual Studio 2012
Project("{FAE04EC0-301F-11D3-BF4B-00C04F79EFBC}") = "CalcularAngulo A del triangulo", "CalcularAngulo A del triangulo\CalcularAngulo A del triangulo.csproj", "{3351A86B-1AA6-4CE2-BD2E-6EE18EAEFA14}"
EndProject
Global
	GlobalSection(SolutionConfigurationPlatforms) = preSolution
		Debug|Any CPU = Debug|Any CPU
		Release|Any CPU = Release|Any CPU
	EndGlobalSection
	GlobalSection(ProjectConfigurationPlatforms) = postSolution
		{3351A86B-1AA6-4CE2-BD2E-6EE18EAEFA14}.Debug|Any CPU.ActiveCfg = Debug|Any CPU
		{3351A86B-1AA6-4CE2-BD2E-6EE18EAEFA14}.Debug|Any CPU.Build.0 = Debug|Any CPU
		{3351A86B-1AA6-4CE2-BD2E-6EE18EAEFA14}.Release|Any CPU.ActiveCfg = Release|Any CPU
		{3351A86B-1AA6-4CE2-BD2E-6EE18EAEFA14}.Release|Any CPU.Build.0 = Release|Any CPU
	EndGlobalSection
	GlobalSection(SolutionProperties) = preSolution
		HideSolutionNode = FALSE
	EndGlobalSection
EndGlobal
